
Microsoft Visual Studio Solution File, Format Version 12.00
# Visual Studio Version 16
VisualStudioVersion = 16.0.33027.164
MinimumVisualStudioVersion = 10.0.40219.1
Project("{FAE04EC0-301F-11D3-BF4B-00C04F79EFBC}") = "land_tenant_Server", "land_tenant_Server\land_tenant_Server.csproj", "{ADD332CB-885D-43BD-84E9-C8A6E28835D4}"
EndProject
Global
	GlobalSection(SolutionConfigurationPlatforms) = preSolution
		Debug|Any CPU = Debug|Any CPU
		Release|Any CPU = Release|Any CPU
	EndGlobalSection
	GlobalSection(ProjectConfigurationPlatforms) = postSolution
		{ADD332CB-885D-43BD-84E9-C8A6E28835D4}.Debug|Any CPU.ActiveCfg = Debug|Any CPU
		{ADD332CB-885D-43BD-84E9-C8A6E28835D4}.Debug|Any CPU.Build.0 = Debug|Any CPU
		{ADD332CB-885D-43BD-84E9-C8A6E28835D4}.Release|Any CPU.ActiveCfg = Release|Any CPU
		{ADD332CB-885D-43BD-84E9-C8A6E28835D4}.Release|Any CPU.Build.0 = Release|Any CPU
	EndGlobalSection
	GlobalSection(SolutionProperties) = preSolution
		HideSolutionNode = FALSE
	EndGlobalSection
	GlobalSection(ExtensibilityGlobals) = postSolution
		SolutionGuid = {7799C708-3942-494B-9A61-B6E330F3C606}
	EndGlobalSection
EndGlobal
