
Microsoft Visual Studio Solution File, Format Version 12.00
# Visual Studio Version 17
VisualStudioVersion = 17.11.35219.272
MinimumVisualStudioVersion = 10.0.40219.1
Project("{FAE04EC0-301F-11D3-BF4B-00C04F79EFBC}") = "certificate", "certificate.csproj", "{A14A79FD-3AC9-4AFB-9B00-7FD8420F5A0F}"
EndProject
Global
	GlobalSection(SolutionConfigurationPlatforms) = preSolution
		Debug|Any CPU = Debug|Any CPU
		Release|Any CPU = Release|Any CPU
	EndGlobalSection
	GlobalSection(ProjectConfigurationPlatforms) = postSolution
		{A14A79FD-3AC9-4AFB-9B00-7FD8420F5A0F}.Debug|Any CPU.ActiveCfg = Debug|Any CPU
		{A14A79FD-3AC9-4AFB-9B00-7FD8420F5A0F}.Debug|Any CPU.Build.0 = Debug|Any CPU
		{A14A79FD-3AC9-4AFB-9B00-7FD8420F5A0F}.Release|Any CPU.ActiveCfg = Release|Any CPU
		{A14A79FD-3AC9-4AFB-9B00-7FD8420F5A0F}.Release|Any CPU.Build.0 = Release|Any CPU
	EndGlobalSection
	GlobalSection(SolutionProperties) = preSolution
		HideSolutionNode = FALSE
	EndGlobalSection
	GlobalSection(ExtensibilityGlobals) = postSolution
		SolutionGuid = {B0DC338E-0CCD-4F3E-ACB6-5FA5C26D41BC}
	EndGlobalSection
EndGlobal
